
Microsoft Visual Studio Solution File, Format Version 12.00
# Visual Studio 15
VisualStudioVersion = 15.0.28307.271
MinimumVisualStudioVersion = 10.0.40219.1
Project("{FAE04EC0-301F-11D3-BF4B-00C04F79EFBC}") = "CoffeeShopApp", "CoffeeShopApp\CoffeeShopApp.csproj", "{937CF996-D620-42DA-857D-C2F9CF92B02D}"
EndProject
Global
	GlobalSection(SolutionConfigurationPlatforms) = preSolution
		Debug|Any CPU = Debug|Any CPU
		Release|Any CPU = Release|Any CPU
	EndGlobalSection
	GlobalSection(ProjectConfigurationPlatforms) = postSolution
		{937CF996-D620-42DA-857D-C2F9CF92B02D}.Debug|Any CPU.ActiveCfg = Debug|Any CPU
		{937CF996-D620-42DA-857D-C2F9CF92B02D}.Debug|Any CPU.Build.0 = Debug|Any CPU
		{937CF996-D620-42DA-857D-C2F9CF92B02D}.Release|Any CPU.ActiveCfg = Release|Any CPU
		{937CF996-D620-42DA-857D-C2F9CF92B02D}.Release|Any CPU.Build.0 = Release|Any CPU
	EndGlobalSection
	GlobalSection(SolutionProperties) = preSolution
		HideSolutionNode = FALSE
	EndGlobalSection
	GlobalSection(ExtensibilityGlobals) = postSolution
		SolutionGuid = {A5F5FCA3-99FD-4AEB-A781-788BF35EE1FD}
	EndGlobalSection
EndGlobal
